
Microsoft Visual Studio Solution File, Format Version 12.00
# Visual Studio Version 16
VisualStudioVersion = 16.0.30804.86
MinimumVisualStudioVersion = 10.0.40219.1
Project("{9A19103F-16F7-4668-BE54-9A1E7A4F7556}") = "Our_Hours", "Our_Hours\Our_Hours.csproj", "{285B4C62-DFCF-459B-82F6-C9FA84EB208E}"
EndProject
Project("{FAE04EC0-301F-11D3-BF4B-00C04F79EFBC}") = "Our_Hours_Library", "Our_Hours_Library\Our_Hours_Library.csproj", "{10768C6F-1554-4F6F-9435-38F82A99336F}"
EndProject
Global
	GlobalSection(SolutionConfigurationPlatforms) = preSolution
		Debug|Any CPU = Debug|Any CPU
		Release|Any CPU = Release|Any CPU
	EndGlobalSection
	GlobalSection(ProjectConfigurationPlatforms) = postSolution
		{285B4C62-DFCF-459B-82F6-C9FA84EB208E}.Debug|Any CPU.ActiveCfg = Debug|Any CPU
		{285B4C62-DFCF-459B-82F6-C9FA84EB208E}.Debug|Any CPU.Build.0 = Debug|Any CPU
		{285B4C62-DFCF-459B-82F6-C9FA84EB208E}.Release|Any CPU.ActiveCfg = Release|Any CPU
		{285B4C62-DFCF-459B-82F6-C9FA84EB208E}.Release|Any CPU.Build.0 = Release|Any CPU
		{10768C6F-1554-4F6F-9435-38F82A99336F}.Debug|Any CPU.ActiveCfg = Debug|Any CPU
		{10768C6F-1554-4F6F-9435-38F82A99336F}.Debug|Any CPU.Build.0 = Debug|Any CPU
		{10768C6F-1554-4F6F-9435-38F82A99336F}.Release|Any CPU.ActiveCfg = Release|Any CPU
		{10768C6F-1554-4F6F-9435-38F82A99336F}.Release|Any CPU.Build.0 = Release|Any CPU
	EndGlobalSection
	GlobalSection(SolutionProperties) = preSolution
		HideSolutionNode = FALSE
	EndGlobalSection
	GlobalSection(ExtensibilityGlobals) = postSolution
		SolutionGuid = {5299988A-0207-449E-89CE-732F81E5256F}
	EndGlobalSection
EndGlobal
